
Microsoft Visual Studio Solution File, Format Version 12.00
# Visual Studio Version 16
VisualStudioVersion = 16.0.31205.134
MinimumVisualStudioVersion = 10.0.40219.1
Project("{FAE04EC0-301F-11D3-BF4B-00C04F79EFBC}") = "AppAzureBlob.UWP", "AppAzureBlob\AppAzureBlob.UWP\AppAzureBlob.UWP.csproj", "{06DB17FA-B4AD-4A09-A392-EAD134ADC156}"
EndProject
Project("{FAE04EC0-301F-11D3-BF4B-00C04F79EFBC}") = "AppAzureBlob.Android", "AppAzureBlob\AppAzureBlob.Android\AppAzureBlob.Android.csproj", "{3B3C17EA-43F5-48FF-AA3B-5B266F6F5130}"
EndProject
Project("{FAE04EC0-301F-11D3-BF4B-00C04F79EFBC}") = "AppAzureBlob.iOS", "AppAzureBlob\AppAzureBlob.iOS\AppAzureBlob.iOS.csproj", "{F73BFDFD-E48A-41B1-AC04-689D08DBC489}"
EndProject
Project("{FAE04EC0-301F-11D3-BF4B-00C04F79EFBC}") = "AppAzureBlob", "AppAzureBlob\AppAzureBlob\AppAzureBlob.csproj", "{D66D0CB2-3570-4408-820F-1B6C051ADF71}"
EndProject
Global
	GlobalSection(SolutionConfigurationPlatforms) = preSolution
		Debug|Any CPU = Debug|Any CPU
		Debug|ARM = Debug|ARM
		Debug|iPhone = Debug|iPhone
		Debug|iPhoneSimulator = Debug|iPhoneSimulator
		Debug|x64 = Debug|x64
		Debug|x86 = Debug|x86
		Release|Any CPU = Release|Any CPU
		Release|ARM = Release|ARM
		Release|iPhone = Release|iPhone
		Release|iPhoneSimulator = Release|iPhoneSimulator
		Release|x64 = Release|x64
		Release|x86 = Release|x86
	EndGlobalSection
	GlobalSection(ProjectConfigurationPlatforms) = postSolution
		{06DB17FA-B4AD-4A09-A392-EAD134ADC156}.Debug|Any CPU.ActiveCfg = Debug|x86
		{06DB17FA-B4AD-4A09-A392-EAD134ADC156}.Debug|Any CPU.Build.0 = Debug|x86
		{06DB17FA-B4AD-4A09-A392-EAD134ADC156}.Debug|Any CPU.Deploy.0 = Debug|x86
		{06DB17FA-B4AD-4A09-A392-EAD134ADC156}.Debug|ARM.ActiveCfg = Debug|ARM
		{06DB17FA-B4AD-4A09-A392-EAD134ADC156}.Debug|ARM.Build.0 = Debug|ARM
		{06DB17FA-B4AD-4A09-A392-EAD134ADC156}.Debug|ARM.Deploy.0 = Debug|ARM
		{06DB17FA-B4AD-4A09-A392-EAD134ADC156}.Debug|iPhone.ActiveCfg = Debug|x86
		{06DB17FA-B4AD-4A09-A392-EAD134ADC156}.Debug|iPhone.Build.0 = Debug|x86
		{06DB17FA-B4AD-4A09-A392-EAD134ADC156}.Debug|iPhone.Deploy.0 = Debug|x86
		{06DB17FA-B4AD-4A09-A392-EAD134ADC156}.Debug|iPhoneSimulator.ActiveCfg = Debug|x86
		{06DB17FA-B4AD-4A09-A392-EAD134ADC156}.Debug|iPhoneSimulator.Build.0 = Debug|x86
		{06DB17FA-B4AD-4A09-A392-EAD134ADC156}.Debug|iPhoneSimulator.Deploy.0 = Debug|x86
		{06DB17FA-B4AD-4A09-A392-EAD134ADC156}.Debug|x64.ActiveCfg = Debug|x64
		{06DB17FA-B4AD-4A09-A392-EAD134ADC156}.Debug|x64.Build.0 = Debug|x64
		{06DB17FA-B4AD-4A09-A392-EAD134ADC156}.Debug|x64.Deploy.0 = Debug|x64
		{06DB17FA-B4AD-4A09-A392-EAD134ADC156}.Debug|x86.ActiveCfg = Debug|x86
		{06DB17FA-B4AD-4A09-A392-EAD134ADC156}.Debug|x86.Build.0 = Debug|x86
		{06DB17FA-B4AD-4A09-A392-EAD134ADC156}.Debug|x86.Deploy.0 = Debug|x86
		{06DB17FA-B4AD-4A09-A392-EAD134ADC156}.Release|Any CPU.ActiveCfg = Release|x86
		{06DB17FA-B4AD-4A09-A392-EAD134ADC156}.Release|Any CPU.Build.0 = Release|x86
		{06DB17FA-B4AD-4A09-A392-EAD134ADC156}.Release|Any CPU.Deploy.0 = Release|x86
		{06DB17FA-B4AD-4A09-A392-EAD134ADC156}.Release|ARM.ActiveCfg = Release|ARM
		{06DB17FA-B4AD-4A09-A392-EAD134ADC156}.Release|ARM.Build.0 = Release|ARM
		{06DB17FA-B4AD-4A09-A392-EAD134ADC156}.Release|ARM.Deploy.0 = Release|ARM
		{06DB17FA-B4AD-4A09-A392-EAD134ADC156}.Release|iPhone.ActiveCfg = Release|x86
		{06DB17FA-B4AD-4A09-A392-EAD134ADC156}.Release|iPhone.Build.0 = Release|x86
		{06DB17FA-B4AD-4A09-A392-EAD134ADC156}.Release|iPhone.Deploy.0 = Release|x86
		{06DB17FA-B4AD-4A09-A392-EAD134ADC156}.Release|iPhoneSimulator.ActiveCfg = Release|x86
		{06DB17FA-B4AD-4A09-A392-EAD134ADC156}.Release|iPhoneSimulator.Build.0 = Release|x86
		{06DB17FA-B4AD-4A09-A392-EAD134ADC156}.Release|iPhoneSimulator.Deploy.0 = Release|x86
		{06DB17FA-B4AD-4A09-A392-EAD134ADC156}.Release|x64.ActiveCfg = Release|x64
		{06DB17FA-B4AD-4A09-A392-EAD134ADC156}.Release|x64.Build.0 = Release|x64
		{06DB17FA-B4AD-4A09-A392-EAD134ADC156}.Release|x64.Deploy.0 = Release|x64
		{06DB17FA-B4AD-4A09-A392-EAD134ADC156}.Release|x86.ActiveCfg = Release|x86
		{06DB17FA-B4AD-4A09-A392-EAD134ADC156}.Release|x86.Build.0 = Release|x86
		{06DB17FA-B4AD-4A09-A392-EAD134ADC156}.Release|x86.Deploy.0 = Release|x86
		{3B3C17EA-43F5-48FF-AA3B-5B266F6F5130}.Debug|Any CPU.ActiveCfg = Debug|Any CPU
		{3B3C17EA-43F5-48FF-AA3B-5B266F6F5130}.Debug|Any CPU.Build.0 = Debug|Any CPU
		{3B3C17EA-43F5-48FF-AA3B-5B266F6F5130}.Debug|Any CPU.Deploy.0 = Debug|Any CPU
		{3B3C17EA-43F5-48FF-AA3B-5B266F6F5130}.Debug|ARM.ActiveCfg = Debug|Any CPU
		{3B3C17EA-43F5-48FF-AA3B-5B266F6F5130}.Debug|ARM.Build.0 = Debug|Any CPU
		{3B3C17EA-43F5-48FF-AA3B-5B266F6F5130}.Debug|ARM.Deploy.0 = Debug|Any CPU
		{3B3C17EA-43F5-48FF-AA3B-5B266F6F5130}.Debug|iPhone.ActiveCfg = Debug|Any CPU
		{3B3C17EA-43F5-48FF-AA3B-5B266F6F5130}.Debug|iPhone.Build.0 = Debug|Any CPU
		{3B3C17EA-43F5-48FF-AA3B-5B266F6F5130}.Debug|iPhone.Deploy.0 = Debug|Any CPU
		{3B3C17EA-43F5-48FF-AA3B-5B266F6F5130}.Debug|iPhoneSimulator.ActiveCfg = Debug|Any CPU
		{3B3C17EA-43F5-48FF-AA3B-5B266F6F5130}.Debug|iPhoneSimulator.Build.0 = Debug|Any CPU
		{3B3C17EA-43F5-48FF-AA3B-5B266F6F5130}.Debug|iPhoneSimulator.Deploy.0 = Debug|Any CPU
		{3B3C17EA-43F5-48FF-AA3B-5B266F6F5130}.Debug|x64.ActiveCfg = Debug|Any CPU
		{3B3C17EA-43F5-48FF-AA3B-5B266F6F5130}.Debug|x64.Build.0 = Debug|Any CPU
		{3B3C17EA-43F5-48FF-AA3B-5B266F6F5130}.Debug|x64.Deploy.0 = Debug|Any CPU
		{3B3C17EA-43F5-48FF-AA3B-5B266F6F5130}.Debug|x86.ActiveCfg = Debug|Any CPU
		{3B3C17EA-43F5-48FF-AA3B-5B266F6F5130}.Debug|x86.Build.0 = Debug|Any CPU
		{3B3C17EA-43F5-48FF-AA3B-5B266F6F5130}.Debug|x86.Deploy.0 = Debug|Any CPU
		{3B3C17EA-43F5-48FF-AA3B-5B266F6F5130}.Release|Any CPU.ActiveCfg = Release|Any CPU
		{3B3C17EA-43F5-48FF-AA3B-5B266F6F5130}.Release|Any CPU.Build.0 = Release|Any CPU
		{3B3C17EA-43F5-48FF-AA3B-5B266F6F5130}.Release|Any CPU.Deploy.0 = Release|Any CPU
		{3B3C17EA-43F5-48FF-AA3B-5B266F6F5130}.Release|ARM.ActiveCfg = Release|Any CPU
		{3B3C17EA-43F5-48FF-AA3B-5B266F6F5130}.Release|ARM.Build.0 = Release|Any CPU
		{3B3C17EA-43F5-48FF-AA3B-5B266F6F5130}.Release|ARM.Deploy.0 = Release|Any CPU
		{3B3C17EA-43F5-48FF-AA3B-5B266F6F5130}.Release|iPhone.ActiveCfg = Release|Any CPU
		{3B3C17EA-43F5-48FF-AA3B-5B266F6F5130}.Release|iPhone.Build.0 = Release|Any CPU
		{3B3C17EA-43F5-48FF-AA3B-5B266F6F5130}.Release|iPhone.Deploy.0 = Release|Any CPU
		{3B3C17EA-43F5-48FF-AA3B-5B266F6F5130}.Release|iPhoneSimulator.ActiveCfg = Release|Any CPU
		{3B3C17EA-43F5-48FF-AA3B-5B266F6F5130}.Release|iPhoneSimulator.Build.0 = Release|Any CPU
		{3B3C17EA-43F5-48FF-AA3B-5B266F6F5130}.Release|iPhoneSimulator.Deploy.0 = Release|Any CPU
		{3B3C17EA-43F5-48FF-AA3B-5B266F6F5130}.Release|x64.ActiveCfg = Release|Any CPU
		{3B3C17EA-43F5-48FF-AA3B-5B266F6F5130}.Release|x64.Build.0 = Release|Any CPU
		{3B3C17EA-43F5-48FF-AA3B-5B266F6F5130}.Release|x64.Deploy.0 = Release|Any CPU
		{3B3C17EA-43F5-48FF-AA3B-5B266F6F5130}.Release|x86.ActiveCfg = Release|Any CPU
		{3B3C17EA-43F5-48FF-AA3B-5B266F6F5130}.Release|x86.Build.0 = Release|Any CPU
		{3B3C17EA-43F5-48FF-AA3B-5B266F6F5130}.Release|x86.Deploy.0 = Release|Any CPU
		{F73BFDFD-E48A-41B1-AC04-689D08DBC489}.Debug|Any CPU.ActiveCfg = Debug|iPhoneSimulator
		{F73BFDFD-E48A-41B1-AC04-689D08DBC489}.Debug|Any CPU.Build.0 = Debug|iPhoneSimulator
		{F73BFDFD-E48A-41B1-AC04-689D08DBC489}.Debug|Any CPU.Deploy.0 = Debug|iPhoneSimulator
		{F73BFDFD-E48A-41B1-AC04-689D08DBC489}.Debug|ARM.ActiveCfg = Debug|iPhone
		{F73BFDFD-E48A-41B1-AC04-689D08DBC489}.Debug|ARM.Build.0 = Debug|iPhone
		{F73BFDFD-E48A-41B1-AC04-689D08DBC489}.Debug|ARM.Deploy.0 = Debug|iPhone
		{F73BFDFD-E48A-41B1-AC04-689D08DBC489}.Debug|iPhone.ActiveCfg = Debug|iPhone
		{F73BFDFD-E48A-41B1-AC04-689D08DBC489}.Debug|iPhone.Build.0 = Debug|iPhone
		{F73BFDFD-E48A-41B1-AC04-689D08DBC489}.Debug|iPhone.Deploy.0 = Debug|iPhone
		{F73BFDFD-E48A-41B1-AC04-689D08DBC489}.Debug|iPhoneSimulator.ActiveCfg = Debug|iPhoneSimulator
		{F73BFDFD-E48A-41B1-AC04-689D08DBC489}.Debug|iPhoneSimulator.Build.0 = Debug|iPhoneSimulator
		{F73BFDFD-E48A-41B1-AC04-689D08DBC489}.Debug|iPhoneSimulator.Deploy.0 = Debug|iPhoneSimulator
		{F73BFDFD-E48A-41B1-AC04-689D08DBC489}.Debug|x64.ActiveCfg = Debug|iPhoneSimulator
		{F73BFDFD-E48A-41B1-AC04-689D08DBC489}.Debug|x64.Build.0 = Debug|iPhoneSimulator
		{F73BFDFD-E48A-41B1-AC04-689D08DBC489}.Debug|x64.Deploy.0 = Debug|iPhoneSimulator
		{F73BFDFD-E48A-41B1-AC04-689D08DBC489}.Debug|x86.ActiveCfg = Debug|iPhoneSimulator
		{F73BFDFD-E48A-41B1-AC04-689D08DBC489}.Debug|x86.Build.0 = Debug|iPhoneSimulator
		{F73BFDFD-E48A-41B1-AC04-689D08DBC489}.Debug|x86.Deploy.0 = Debug|iPhoneSimulator
		{F73BFDFD-E48A-41B1-AC04-689D08DBC489}.Release|Any CPU.ActiveCfg = Release|iPhoneSimulator
		{F73BFDFD-E48A-41B1-AC04-689D08DBC489}.Release|Any CPU.Build.0 = Release|iPhoneSimulator
		{F73BFDFD-E48A-41B1-AC04-689D08DBC489}.Release|Any CPU.Deploy.0 = Release|iPhoneSimulator
		{F73BFDFD-E48A-41B1-AC04-689D08DBC489}.Release|ARM.ActiveCfg = Release|iPhoneSimulator
		{F73BFDFD-E48A-41B1-AC04-689D08DBC489}.Release|ARM.Build.0 = Release|iPhoneSimulator
		{F73BFDFD-E48A-41B1-AC04-689D08DBC489}.Release|ARM.Deploy.0 = Release|iPhoneSimulator
		{F73BFDFD-E48A-41B1-AC04-689D08DBC489}.Release|iPhone.ActiveCfg = Release|iPhone
		{F73BFDFD-E48A-41B1-AC04-689D08DBC489}.Release|iPhone.Build.0 = Release|iPhone
		{F73BFDFD-E48A-41B1-AC04-689D08DBC489}.Release|iPhone.Deploy.0 = Release|iPhone
		{F73BFDFD-E48A-41B1-AC04-689D08DBC489}.Release|iPhoneSimulator.ActiveCfg = Release|iPhoneSimulator
		{F73BFDFD-E48A-41B1-AC04-689D08DBC489}.Release|iPhoneSimulator.Build.0 = Release|iPhoneSimulator
		{F73BFDFD-E48A-41B1-AC04-689D08DBC489}.Release|iPhoneSimulator.Deploy.0 = Release|iPhoneSimulator
		{F73BFDFD-E48A-41B1-AC04-689D08DBC489}.Release|x64.ActiveCfg = Release|iPhoneSimulator
		{F73BFDFD-E48A-41B1-AC04-689D08DBC489}.Release|x64.Build.0 = Release|iPhoneSimulator
		{F73BFDFD-E48A-41B1-AC04-689D08DBC489}.Release|x64.Deploy.0 = Release|iPhoneSimulator
		{F73BFDFD-E48A-41B1-AC04-689D08DBC489}.Release|x86.ActiveCfg = Release|iPhoneSimulator
		{F73BFDFD-E48A-41B1-AC04-689D08DBC489}.Release|x86.Build.0 = Release|iPhoneSimulator
		{F73BFDFD-E48A-41B1-AC04-689D08DBC489}.Release|x86.Deploy.0 = Release|iPhoneSimulator
		{D66D0CB2-3570-4408-820F-1B6C051ADF71}.Debug|Any CPU.ActiveCfg = Debug|Any CPU
		{D66D0CB2-3570-4408-820F-1B6C051ADF71}.Debug|Any CPU.Build.0 = Debug|Any CPU
		{D66D0CB2-3570-4408-820F-1B6C051ADF71}.Debug|Any CPU.Deploy.0 = Debug|Any CPU
		{D66D0CB2-3570-4408-820F-1B6C051ADF71}.Debug|ARM.ActiveCfg = Debug|Any CPU
		{D66D0CB2-3570-4408-820F-1B6C051ADF71}.Debug|ARM.Build.0 = Debug|Any CPU
		{D66D0CB2-3570-4408-820F-1B6C051ADF71}.Debug|ARM.Deploy.0 = Debug|Any CPU
		{D66D0CB2-3570-4408-820F-1B6C051ADF71}.Debug|iPhone.ActiveCfg = Debug|Any CPU
		{D66D0CB2-3570-4408-820F-1B6C051ADF71}.Debug|iPhone.Build.0 = Debug|Any CPU
		{D66D0CB2-3570-4408-820F-1B6C051ADF71}.Debug|iPhone.Deploy.0 = Debug|Any CPU
		{D66D0CB2-3570-4408-820F-1B6C051ADF71}.Debug|iPhoneSimulator.ActiveCfg = Debug|Any CPU
		{D66D0CB2-3570-4408-820F-1B6C051ADF71}.Debug|iPhoneSimulator.Build.0 = Debug|Any CPU
		{D66D0CB2-3570-4408-820F-1B6C051ADF71}.Debug|iPhoneSimulator.Deploy.0 = Debug|Any CPU
		{D66D0CB2-3570-4408-820F-1B6C051ADF71}.Debug|x64.ActiveCfg = Debug|Any CPU
		{D66D0CB2-3570-4408-820F-1B6C051ADF71}.Debug|x64.Build.0 = Debug|Any CPU
		{D66D0CB2-3570-4408-820F-1B6C051ADF71}.Debug|x64.Deploy.0 = Debug|Any CPU
		{D66D0CB2-3570-4408-820F-1B6C051ADF71}.Debug|x86.ActiveCfg = Debug|Any CPU
		{D66D0CB2-3570-4408-820F-1B6C051ADF71}.Debug|x86.Build.0 = Debug|Any CPU
		{D66D0CB2-3570-4408-820F-1B6C051ADF71}.Debug|x86.Deploy.0 = Debug|Any CPU
		{D66D0CB2-3570-4408-820F-1B6C051ADF71}.Release|Any CPU.ActiveCfg = Release|Any CPU
		{D66D0CB2-3570-4408-820F-1B6C051ADF71}.Release|Any CPU.Build.0 = Release|Any CPU
		{D66D0CB2-3570-4408-820F-1B6C051ADF71}.Release|Any CPU.Deploy.0 = Release|Any CPU
		{D66D0CB2-3570-4408-820F-1B6C051ADF71}.Release|ARM.ActiveCfg = Release|Any CPU
		{D66D0CB2-3570-4408-820F-1B6C051ADF71}.Release|ARM.Build.0 = Release|Any CPU
		{D66D0CB2-3570-4408-820F-1B6C051ADF71}.Release|ARM.Deploy.0 = Release|Any CPU
		{D66D0CB2-3570-4408-820F-1B6C051ADF71}.Release|iPhone.ActiveCfg = Release|Any CPU
		{D66D0CB2-3570-4408-820F-1B6C051ADF71}.Release|iPhone.Build.0 = Release|Any CPU
		{D66D0CB2-3570-4408-820F-1B6C051ADF71}.Release|iPhone.Deploy.0 = Release|Any CPU
		{D66D0CB2-3570-4408-820F-1B6C051ADF71}.Release|iPhoneSimulator.ActiveCfg = Release|Any CPU
		{D66D0CB2-3570-4408-820F-1B6C051ADF71}.Release|iPhoneSimulator.Build.0 = Release|Any CPU
		{D66D0CB2-3570-4408-820F-1B6C051ADF71}.Release|iPhoneSimulator.Deploy.0 = Release|Any CPU
		{D66D0CB2-3570-4408-820F-1B6C051ADF71}.Release|x64.ActiveCfg = Release|Any CPU
		{D66D0CB2-3570-4408-820F-1B6C051ADF71}.Release|x64.Build.0 = Release|Any CPU
		{D66D0CB2-3570-4408-820F-1B6C051ADF71}.Release|x64.Deploy.0 = Release|Any CPU
		{D66D0CB2-3570-4408-820F-1B6C051ADF71}.Release|x86.ActiveCfg = Release|Any CPU
		{D66D0CB2-3570-4408-820F-1B6C051ADF71}.Release|x86.Build.0 = Release|Any CPU
		{D66D0CB2-3570-4408-820F-1B6C051ADF71}.Release|x86.Deploy.0 = Release|Any CPU
	EndGlobalSection
	GlobalSection(SolutionProperties) = preSolution
		HideSolutionNode = FALSE
	EndGlobalSection
	GlobalSection(ExtensibilityGlobals) = postSolution
		SolutionGuid = {4FA45AB9-048A-4B7F-A0E0-1C6D7B58EBF5}
	EndGlobalSection
EndGlobal
